// !$*UTF8*$!
{
	archiveVersion = 1;
	classes = {
	};
	objectVersion = 77;
	objects = {

/* Begin PBXBuildFile section */
		2D307F8C2E5E5912001E9F55 /* VacanciesView.swift in Sources */ = {isa = PBXBuildFile; fileRef = 2D307F8B2E5E590F001E9F55 /* VacanciesView.swift */; };
		2DEA2EF62E5CE50C00DEBF5E /* StudyBodyApp.swift in Sources */ = {isa = PBXBuildFile; fileRef = 2DEA2EF52E5CE50C00DEBF5E /* StudyBodyApp.swift */; };
		2DEA2EF82E5CE50C00DEBF5E /* ContentView.swift in Sources */ = {isa = PBXBuildFile; fileRef = 2DEA2EF72E5CE50C00DEBF5E /* ContentView.swift */; };
		2DEA2EFC2E5CE50D00DEBF5E /* Assets.xcassets in Resources */ = {isa = PBXBuildFile; fileRef = 2DEA2EFB2E5CE50D00DEBF5E /* Assets.xcassets */; };
		2DEA2F232E5CE99A00DEBF5E /* User.swift in Sources */ = {isa = PBXBuildFile; fileRef = 2DEA2F222E5CE99800DEBF5E /* User.swift */; };
		2DEA2F252E5CE9A300DEBF5E /* Vacancy.swift in Sources */ = {isa = PBXBuildFile; fileRef = 2DEA2F242E5CE9A200DEBF5E /* Vacancy.swift */; };
		2DEA2F272E5CE9AA00DEBF5E /* Auth.swift in Sources */ = {isa = PBXBuildFile; fileRef = 2DEA2F262E5CE9A900DEBF5E /* Auth.swift */; };
		2DEA2F292E5CE9B300DEBF5E /* APIResponse.swift in Sources */ = {isa = PBXBuildFile; fileRef = 2DEA2F282E5CE9B200DEBF5E /* APIResponse.swift */; };
		2DEA2F2C2E5CE9CA00DEBF5E /* NetworkManager.swift in Sources */ = {isa = PBXBuildFile; fileRef = 2DEA2F2B2E5CE9C600DEBF5E /* NetworkManager.swift */; };
		2DEA2F2E2E5CE9D300DEBF5E /* AuthManager.swift in Sources */ = {isa = PBXBuildFile; fileRef = 2DEA2F2D2E5CE9CD00DEBF5E /* AuthManager.swift */; };
		2DEA2F302E5CE9E600DEBF5E /* KeychainManager.swift in Sources */ = {isa = PBXBuildFile; fileRef = 2DEA2F2F2E5CE9D700DEBF5E /* KeychainManager.swift */; };
		2DEA2F3D2E5CEB3B00DEBF5E /* AuthViewModel.swift in Sources */ = {isa = PBXBuildFile; fileRef = 2DEA2F3C2E5CEB3A00DEBF5E /* AuthViewModel.swift */; };
		2DEA2F3F2E5CEB4300DEBF5E /* ProfileViewModel.swift in Sources */ = {isa = PBXBuildFile; fileRef = 2DEA2F3E2E5CEB4300DEBF5E /* ProfileViewModel.swift */; };
		2DEA2F412E5CEB5200DEBF5E /* VacancyViewModel.swift in Sources */ = {isa = PBXBuildFile; fileRef = 2DEA2F402E5CEB4F00DEBF5E /* VacancyViewModel.swift */; };
		2DEA2F432E5CEBAD00DEBF5E /* Extensions.swift in Sources */ = {isa = PBXBuildFile; fileRef = 2DEA2F422E5CEBAC00DEBF5E /* Extensions.swift */; };
		2DEA2F452E5CEBB600DEBF5E /* Constants.swift in Sources */ = {isa = PBXBuildFile; fileRef = 2DEA2F442E5CEBB600DEBF5E /* Constants.swift */; };
		2DEA2F472E5CEBBE00DEBF5E /* Validators.swift in Sources */ = {isa = PBXBuildFile; fileRef = 2DEA2F462E5CEBBD00DEBF5E /* Validators.swift */; };
		2DEA2F492E5CEC3400DEBF5E /* LoginView.swift in Sources */ = {isa = PBXBuildFile; fileRef = 2DEA2F482E5CEC3200DEBF5E /* LoginView.swift */; };
		2DEA2F4B2E5CEC3C00DEBF5E /* RegisterView.swift in Sources */ = {isa = PBXBuildFile; fileRef = 2DEA2F4A2E5CEC3B00DEBF5E /* RegisterView.swift */; };
		2DEA2F4D2E5CEC4500DEBF5E /* ForgotPasswordView.swift in Sources */ = {isa = PBXBuildFile; fileRef = 2DEA2F4C2E5CEC4400DEBF5E /* ForgotPasswordView.swift */; };
		2DEA2F4F2E5CEC5000DEBF5E /* ResetPasswordView.swift in Sources */ = {isa = PBXBuildFile; fileRef = 2DEA2F4E2E5CEC4F00DEBF5E /* ResetPasswordView.swift */; };
		2DEA2F512E5CEC5B00DEBF5E /* MainTabView.swift in Sources */ = {isa = PBXBuildFile; fileRef = 2DEA2F502E5CEC5A00DEBF5E /* MainTabView.swift */; };
		2DEA2F532E5CEC6400DEBF5E /* ProfileView.swift in Sources */ = {isa = PBXBuildFile; fileRef = 2DEA2F522E5CEC6300DEBF5E /* ProfileView.swift */; };
		2DEA2F552E5CEC6D00DEBF5E /* EditProfileView.swift in Sources */ = {isa = PBXBuildFile; fileRef = 2DEA2F542E5CEC6C00DEBF5E /* EditProfileView.swift */; };
		2DEA2F572E5CEC7700DEBF5E /* ChangePasswordView.swift in Sources */ = {isa = PBXBuildFile; fileRef = 2DEA2F562E5CEC7400DEBF5E /* ChangePasswordView.swift */; };
		2DEA2F592E5CECF900DEBF5E /* VacancyListView.swift in Sources */ = {isa = PBXBuildFile; fileRef = 2DEA2F582E5CECF800DEBF5E /* VacancyListView.swift */; };
		2DEA2F5B2E5CED1900DEBF5E /* MyVacanciesView.swift in Sources */ = {isa = PBXBuildFile; fileRef = 2DEA2F5A2E5CED1800DEBF5E /* MyVacanciesView.swift */; };
		2DEA2F5D2E5CED2200DEBF5E /* VacancyDetailView.swift in Sources */ = {isa = PBXBuildFile; fileRef = 2DEA2F5C2E5CED2100DEBF5E /* VacancyDetailView.swift */; };
		2DEA2F5F2E5CED2B00DEBF5E /* CreateVacancyView.swift in Sources */ = {isa = PBXBuildFile; fileRef = 2DEA2F5E2E5CED2900DEBF5E /* CreateVacancyView.swift */; };
		2DEA2F612E5CED3400DEBF5E /* EditVacancyView.swift in Sources */ = {isa = PBXBuildFile; fileRef = 2DEA2F602E5CED3300DEBF5E /* EditVacancyView.swift */; };
		2DEA2F632E5CED4100DEBF5E /* LoadingView.swift in Sources */ = {isa = PBXBuildFile; fileRef = 2DEA2F622E5CED4100DEBF5E /* LoadingView.swift */; };
		2DEA2F672E5CED5200DEBF5E /* CustomTextField.swift in Sources */ = {isa = PBXBuildFile; fileRef = 2DEA2F662E5CED5200DEBF5E /* CustomTextField.swift */; };
		2DEA2F692E5CEFAC00DEBF5E /* FilterView.swift in Sources */ = {isa = PBXBuildFile; fileRef = 2DEA2F682E5CEFA800DEBF5E /* FilterView.swift */; };
		2DEA2F6B2E5CF00800DEBF5E /* CustomTextArea.swift in Sources */ = {isa = PBXBuildFile; fileRef = 2DEA2F6A2E5CF00700DEBF5E /* CustomTextArea.swift */; };
		2DEA2F6D2E5CF01C00DEBF5E /* VacancyCard.swift in Sources */ = {isa = PBXBuildFile; fileRef = 2DEA2F6C2E5CF01B00DEBF5E /* VacancyCard.swift */; };
		2DEA2F6F2E5CF02E00DEBF5E /* TagsView.swift in Sources */ = {isa = PBXBuildFile; fileRef = 2DEA2F6E2E5CF02D00DEBF5E /* TagsView.swift */; };
		2DEA2F712E5CF04000DEBF5E /* DepartmentPicker.swift in Sources */ = {isa = PBXBuildFile; fileRef = 2DEA2F702E5CF03F00DEBF5E /* DepartmentPicker.swift */; };
		2DEA2F732E5CF05100DEBF5E /* ErrorBannerView.swift in Sources */ = {isa = PBXBuildFile; fileRef = 2DEA2F722E5CF05000DEBF5E /* ErrorBannerView.swift */; };
		2DEA2F752E5CF06300DEBF5E /* SuccessBannerView.swift in Sources */ = {isa = PBXBuildFile; fileRef = 2DEA2F742E5CF06200DEBF5E /* SuccessBannerView.swift */; };
		2DEA2F882E5E4D0400DEBF5E /* Requests.swift in Sources */ = {isa = PBXBuildFile; fileRef = 2DEA2F872E5E4D0200DEBF5E /* Requests.swift */; };
		2DEA2F8A2E5E4D1400DEBF5E /* Responses.swift in Sources */ = {isa = PBXBuildFile; fileRef = 2DEA2F892E5E4D1200DEBF5E /* Responses.swift */; };
/* End PBXBuildFile section */

/* Begin PBXContainerItemProxy section */
		2DEA2F022E5CE50D00DEBF5E /* PBXContainerItemProxy */ = {
			isa = PBXContainerItemProxy;
			containerPortal = 2DEA2EEA2E5CE50C00DEBF5E /* Project object */;
			proxyType = 1;
			remoteGlobalIDString = 2DEA2EF12E5CE50C00DEBF5E;
			remoteInfo = StudyBody;
		};
		2DEA2F0C2E5CE50D00DEBF5E /* PBXContainerItemProxy */ = {
			isa = PBXContainerItemProxy;
			containerPortal = 2DEA2EEA2E5CE50C00DEBF5E /* Project object */;
			proxyType = 1;
			remoteGlobalIDString = 2DEA2EF12E5CE50C00DEBF5E;
			remoteInfo = StudyBody;
		};
/* End PBXContainerItemProxy section */

/* Begin PBXFileReference section */
		2D307F8B2E5E590F001E9F55 /* VacanciesView.swift */ = {isa = PBXFileReference; lastKnownFileType = sourcecode.swift; path = VacanciesView.swift; sourceTree = "<group>"; };
		2DEA2EF22E5CE50C00DEBF5E /* StudyBody.app */ = {isa = PBXFileReference; explicitFileType = wrapper.application; includeInIndex = 0; path = StudyBody.app; sourceTree = BUILT_PRODUCTS_DIR; };
		2DEA2EF52E5CE50C00DEBF5E /* StudyBodyApp.swift */ = {isa = PBXFileReference; lastKnownFileType = sourcecode.swift; path = StudyBodyApp.swift; sourceTree = "<group>"; };
		2DEA2EF72E5CE50C00DEBF5E /* ContentView.swift */ = {isa = PBXFileReference; lastKnownFileType = sourcecode.swift; path = ContentView.swift; sourceTree = "<group>"; };
		2DEA2EFB2E5CE50D00DEBF5E /* Assets.xcassets */ = {isa = PBXFileReference; lastKnownFileType = folder.assetcatalog; path = Assets.xcassets; sourceTree = "<group>"; };
		2DEA2F012E5CE50D00DEBF5E /* StudyBodyTests.xctest */ = {isa = PBXFileReference; explicitFileType = wrapper.cfbundle; includeInIndex = 0; path = StudyBodyTests.xctest; sourceTree = BUILT_PRODUCTS_DIR; };
		2DEA2F0B2E5CE50D00DEBF5E /* StudyBodyUITests.xctest */ = {isa = PBXFileReference; explicitFileType = wrapper.cfbundle; includeInIndex = 0; path = StudyBodyUITests.xctest; sourceTree = BUILT_PRODUCTS_DIR; };
		2DEA2F222E5CE99800DEBF5E /* User.swift */ = {isa = PBXFileReference; lastKnownFileType = sourcecode.swift; path = User.swift; sourceTree = "<group>"; };
		2DEA2F242E5CE9A200DEBF5E /* Vacancy.swift */ = {isa = PBXFileReference; lastKnownFileType = sourcecode.swift; path = Vacancy.swift; sourceTree = "<group>"; };
		2DEA2F262E5CE9A900DEBF5E /* Auth.swift */ = {isa = PBXFileReference; lastKnownFileType = sourcecode.swift; path = Auth.swift; sourceTree = "<group>"; };
		2DEA2F282E5CE9B200DEBF5E /* APIResponse.swift */ = {isa = PBXFileReference; lastKnownFileType = sourcecode.swift; path = APIResponse.swift; sourceTree = "<group>"; };
		2DEA2F2B2E5CE9C600DEBF5E /* NetworkManager.swift */ = {isa = PBXFileReference; lastKnownFileType = sourcecode.swift; path = NetworkManager.swift; sourceTree = "<group>"; };
		2DEA2F2D2E5CE9CD00DEBF5E /* AuthManager.swift */ = {isa = PBXFileReference; lastKnownFileType = sourcecode.swift; path = AuthManager.swift; sourceTree = "<group>"; };
		2DEA2F2F2E5CE9D700DEBF5E /* KeychainManager.swift */ = {isa = PBXFileReference; lastKnownFileType = sourcecode.swift; path = KeychainManager.swift; sourceTree = "<group>"; };
		2DEA2F3C2E5CEB3A00DEBF5E /* AuthViewModel.swift */ = {isa = PBXFileReference; lastKnownFileType = sourcecode.swift; path = AuthViewModel.swift; sourceTree = "<group>"; };
		2DEA2F3E2E5CEB4300DEBF5E /* ProfileViewModel.swift */ = {isa = PBXFileReference; lastKnownFileType = sourcecode.swift; path = ProfileViewModel.swift; sourceTree = "<group>"; };
		2DEA2F402E5CEB4F00DEBF5E /* VacancyViewModel.swift */ = {isa = PBXFileReference; lastKnownFileType = sourcecode.swift; path = VacancyViewModel.swift; sourceTree = "<group>"; };
		2DEA2F422E5CEBAC00DEBF5E /* Extensions.swift */ = {isa = PBXFileReference; lastKnownFileType = sourcecode.swift; path = Extensions.swift; sourceTree = "<group>"; };
		2DEA2F442E5CEBB600DEBF5E /* Constants.swift */ = {isa = PBXFileReference; lastKnownFileType = sourcecode.swift; path = Constants.swift; sourceTree = "<group>"; };
		2DEA2F462E5CEBBD00DEBF5E /* Validators.swift */ = {isa = PBXFileReference; lastKnownFileType = sourcecode.swift; path = Validators.swift; sourceTree = "<group>"; };
		2DEA2F482E5CEC3200DEBF5E /* LoginView.swift */ = {isa = PBXFileReference; lastKnownFileType = sourcecode.swift; path = LoginView.swift; sourceTree = "<group>"; };
		2DEA2F4A2E5CEC3B00DEBF5E /* RegisterView.swift */ = {isa = PBXFileReference; lastKnownFileType = sourcecode.swift; path = RegisterView.swift; sourceTree = "<group>"; };
		2DEA2F4C2E5CEC4400DEBF5E /* ForgotPasswordView.swift */ = {isa = PBXFileReference; lastKnownFileType = sourcecode.swift; path = ForgotPasswordView.swift; sourceTree = "<group>"; };
		2DEA2F4E2E5CEC4F00DEBF5E /* ResetPasswordView.swift */ = {isa = PBXFileReference; lastKnownFileType = sourcecode.swift; path = ResetPasswordView.swift; sourceTree = "<group>"; };
		2DEA2F502E5CEC5A00DEBF5E /* MainTabView.swift */ = {isa = PBXFileReference; lastKnownFileType = sourcecode.swift; path = MainTabView.swift; sourceTree = "<group>"; };
		2DEA2F522E5CEC6300DEBF5E /* ProfileView.swift */ = {isa = PBXFileReference; lastKnownFileType = sourcecode.swift; path = ProfileView.swift; sourceTree = "<group>"; };
		2DEA2F542E5CEC6C00DEBF5E /* EditProfileView.swift */ = {isa = PBXFileReference; lastKnownFileType = sourcecode.swift; path = EditProfileView.swift; sourceTree = "<group>"; };
		2DEA2F562E5CEC7400DEBF5E /* ChangePasswordView.swift */ = {isa = PBXFileReference; lastKnownFileType = sourcecode.swift; path = ChangePasswordView.swift; sourceTree = "<group>"; };
		2DEA2F582E5CECF800DEBF5E /* VacancyListView.swift */ = {isa = PBXFileReference; lastKnownFileType = sourcecode.swift; path = VacancyListView.swift; sourceTree = "<group>"; };
		2DEA2F5A2E5CED1800DEBF5E /* MyVacanciesView.swift */ = {isa = PBXFileReference; lastKnownFileType = sourcecode.swift; path = MyVacanciesView.swift; sourceTree = "<group>"; };
		2DEA2F5C2E5CED2100DEBF5E /* VacancyDetailView.swift */ = {isa = PBXFileReference; lastKnownFileType = sourcecode.swift; path = VacancyDetailView.swift; sourceTree = "<group>"; };
		2DEA2F5E2E5CED2900DEBF5E /* CreateVacancyView.swift */ = {isa = PBXFileReference; lastKnownFileType = sourcecode.swift; path = CreateVacancyView.swift; sourceTree = "<group>"; };
		2DEA2F602E5CED3300DEBF5E /* EditVacancyView.swift */ = {isa = PBXFileReference; lastKnownFileType = sourcecode.swift; path = EditVacancyView.swift; sourceTree = "<group>"; };
		2DEA2F622E5CED4100DEBF5E /* LoadingView.swift */ = {isa = PBXFileReference; lastKnownFileType = sourcecode.swift; path = LoadingView.swift; sourceTree = "<group>"; };
		2DEA2F662E5CED5200DEBF5E /* CustomTextField.swift */ = {isa = PBXFileReference; lastKnownFileType = sourcecode.swift; path = CustomTextField.swift; sourceTree = "<group>"; };
		2DEA2F682E5CEFA800DEBF5E /* FilterView.swift */ = {isa = PBXFileReference; lastKnownFileType = sourcecode.swift; path = FilterView.swift; sourceTree = "<group>"; };
		2DEA2F6A2E5CF00700DEBF5E /* CustomTextArea.swift */ = {isa = PBXFileReference; lastKnownFileType = sourcecode.swift; path = CustomTextArea.swift; sourceTree = "<group>"; };
		2DEA2F6C2E5CF01B00DEBF5E /* VacancyCard.swift */ = {isa = PBXFileReference; lastKnownFileType = sourcecode.swift; path = VacancyCard.swift; sourceTree = "<group>"; };
		2DEA2F6E2E5CF02D00DEBF5E /* TagsView.swift */ = {isa = PBXFileReference; lastKnownFileType = sourcecode.swift; path = TagsView.swift; sourceTree = "<group>"; };
		2DEA2F702E5CF03F00DEBF5E /* DepartmentPicker.swift */ = {isa = PBXFileReference; lastKnownFileType = sourcecode.swift; path = DepartmentPicker.swift; sourceTree = "<group>"; };
		2DEA2F722E5CF05000DEBF5E /* ErrorBannerView.swift */ = {isa = PBXFileReference; lastKnownFileType = sourcecode.swift; path = ErrorBannerView.swift; sourceTree = "<group>"; };
		2DEA2F742E5CF06200DEBF5E /* SuccessBannerView.swift */ = {isa = PBXFileReference; lastKnownFileType = sourcecode.swift; path = SuccessBannerView.swift; sourceTree = "<group>"; };
		2DEA2F872E5E4D0200DEBF5E /* Requests.swift */ = {isa = PBXFileReference; lastKnownFileType = sourcecode.swift; path = Requests.swift; sourceTree = "<group>"; };
		2DEA2F892E5E4D1200DEBF5E /* Responses.swift */ = {isa = PBXFileReference; lastKnownFileType = sourcecode.swift; path = Responses.swift; sourceTree = "<group>"; };
/* End PBXFileReference section */

/* Begin PBXFileSystemSynchronizedRootGroup section */
		2DEA2F042E5CE50D00DEBF5E /* StudyBodyTests */ = {
			isa = PBXFileSystemSynchronizedRootGroup;
			path = StudyBodyTests;
			sourceTree = "<group>";
		};
		2DEA2F0E2E5CE50D00DEBF5E /* StudyBodyUITests */ = {
			isa = PBXFileSystemSynchronizedRootGroup;
			path = StudyBodyUITests;
			sourceTree = "<group>";
		};
/* End PBXFileSystemSynchronizedRootGroup section */

/* Begin PBXFrameworksBuildPhase section */
		2DEA2EEF2E5CE50C00DEBF5E /* Frameworks */ = {
			isa = PBXFrameworksBuildPhase;
			buildActionMask = 2147483647;
			files = (
			);
			runOnlyForDeploymentPostprocessing = 0;
		};
		2DEA2EFE2E5CE50D00DEBF5E /* Frameworks */ = {
			isa = PBXFrameworksBuildPhase;
			buildActionMask = 2147483647;
			files = (
			);
			runOnlyForDeploymentPostprocessing = 0;
		};
		2DEA2F082E5CE50D00DEBF5E /* Frameworks */ = {
			isa = PBXFrameworksBuildPhase;
			buildActionMask = 2147483647;
			files = (
			);
			runOnlyForDeploymentPostprocessing = 0;
		};
/* End PBXFrameworksBuildPhase section */

/* Begin PBXGroup section */
		2DEA2EE92E5CE50C00DEBF5E = {
			isa = PBXGroup;
			children = (
				2DEA2F1E2E5CE94300DEBF5E /* StudyBody */,
				2DEA2F042E5CE50D00DEBF5E /* StudyBodyTests */,
				2DEA2F0E2E5CE50D00DEBF5E /* StudyBodyUITests */,
				2DEA2EF32E5CE50C00DEBF5E /* Products */,
			);
			sourceTree = "<group>";
		};
		2DEA2EF32E5CE50C00DEBF5E /* Products */ = {
			isa = PBXGroup;
			children = (
				2DEA2EF22E5CE50C00DEBF5E /* StudyBody.app */,
				2DEA2F012E5CE50D00DEBF5E /* StudyBodyTests.xctest */,
				2DEA2F0B2E5CE50D00DEBF5E /* StudyBodyUITests.xctest */,
			);
			name = Products;
			sourceTree = "<group>";
		};
		2DEA2F1E2E5CE94300DEBF5E /* StudyBody */ = {
			isa = PBXGroup;
			children = (
				2DEA2F3B2E5CEB0E00DEBF5E /* Utils */,
				2DEA2F362E5CEA7600DEBF5E /* ViewModels */,
				2DEA2F312E5CEA4900DEBF5E /* Views */,
				2DEA2F2A2E5CE9BD00DEBF5E /* Services */,
				2DEA2F212E5CE98C00DEBF5E /* Models */,
				2DEA2EF72E5CE50C00DEBF5E /* ContentView.swift */,
				2DEA2EFB2E5CE50D00DEBF5E /* Assets.xcassets */,
				2DEA2EF52E5CE50C00DEBF5E /* StudyBodyApp.swift */,
			);
			path = StudyBody;
			sourceTree = "<group>";
		};
		2DEA2F212E5CE98C00DEBF5E /* Models */ = {
			isa = PBXGroup;
			children = (
				2DEA2F862E5E4CFA00DEBF5E /* Network */,
				2DEA2F282E5CE9B200DEBF5E /* APIResponse.swift */,
				2DEA2F262E5CE9A900DEBF5E /* Auth.swift */,
				2DEA2F242E5CE9A200DEBF5E /* Vacancy.swift */,
				2DEA2F222E5CE99800DEBF5E /* User.swift */,
			);
			path = Models;
			sourceTree = "<group>";
		};
		2DEA2F2A2E5CE9BD00DEBF5E /* Services */ = {
			isa = PBXGroup;
			children = (
				2DEA2F2F2E5CE9D700DEBF5E /* KeychainManager.swift */,
				2DEA2F2D2E5CE9CD00DEBF5E /* AuthManager.swift */,
				2DEA2F2B2E5CE9C600DEBF5E /* NetworkManager.swift */,
			);
			path = Services;
			sourceTree = "<group>";
		};
		2DEA2F312E5CEA4900DEBF5E /* Views */ = {
			isa = PBXGroup;
			children = (
				2DEA2F3A2E5CEAAA00DEBF5E /* Components */,
				2DEA2F392E5CEAA300DEBF5E /* Vacancies */,
				2DEA2F382E5CEA9C00DEBF5E /* Main */,
				2DEA2F372E5CEA9000DEBF5E /* Authentication */,
			);
			path = Views;
			sourceTree = "<group>";
		};
		2DEA2F362E5CEA7600DEBF5E /* ViewModels */ = {
			isa = PBXGroup;
			children = (
				2DEA2F402E5CEB4F00DEBF5E /* VacancyViewModel.swift */,
				2DEA2F3E2E5CEB4300DEBF5E /* ProfileViewModel.swift */,
				2DEA2F3C2E5CEB3A00DEBF5E /* AuthViewModel.swift */,
			);
			path = ViewModels;
			sourceTree = "<group>";
		};
		2DEA2F372E5CEA9000DEBF5E /* Authentication */ = {
			isa = PBXGroup;
			children = (
				2DEA2F4E2E5CEC4F00DEBF5E /* ResetPasswordView.swift */,
				2DEA2F4C2E5CEC4400DEBF5E /* ForgotPasswordView.swift */,
				2DEA2F4A2E5CEC3B00DEBF5E /* RegisterView.swift */,
				2DEA2F482E5CEC3200DEBF5E /* LoginView.swift */,
			);
			path = Authentication;
			sourceTree = "<group>";
		};
		2DEA2F382E5CEA9C00DEBF5E /* Main */ = {
			isa = PBXGroup;
			children = (
				2DEA2F562E5CEC7400DEBF5E /* ChangePasswordView.swift */,
				2DEA2F542E5CEC6C00DEBF5E /* EditProfileView.swift */,
				2DEA2F522E5CEC6300DEBF5E /* ProfileView.swift */,
				2DEA2F502E5CEC5A00DEBF5E /* MainTabView.swift */,
			);
			path = Main;
			sourceTree = "<group>";
		};
		2DEA2F392E5CEAA300DEBF5E /* Vacancies */ = {
			isa = PBXGroup;
			children = (
				2D307F8B2E5E590F001E9F55 /* VacanciesView.swift */,
				2DEA2F682E5CEFA800DEBF5E /* FilterView.swift */,
				2DEA2F602E5CED3300DEBF5E /* EditVacancyView.swift */,
				2DEA2F5E2E5CED2900DEBF5E /* CreateVacancyView.swift */,
				2DEA2F5C2E5CED2100DEBF5E /* VacancyDetailView.swift */,
				2DEA2F5A2E5CED1800DEBF5E /* MyVacanciesView.swift */,
				2DEA2F582E5CECF800DEBF5E /* VacancyListView.swift */,
			);
			path = Vacancies;
			sourceTree = "<group>";
		};
		2DEA2F3A2E5CEAAA00DEBF5E /* Components */ = {
			isa = PBXGroup;
			children = (
				2DEA2F742E5CF06200DEBF5E /* SuccessBannerView.swift */,
				2DEA2F722E5CF05000DEBF5E /* ErrorBannerView.swift */,
				2DEA2F702E5CF03F00DEBF5E /* DepartmentPicker.swift */,
				2DEA2F6E2E5CF02D00DEBF5E /* TagsView.swift */,
				2DEA2F6C2E5CF01B00DEBF5E /* VacancyCard.swift */,
				2DEA2F6A2E5CF00700DEBF5E /* CustomTextArea.swift */,
				2DEA2F662E5CED5200DEBF5E /* CustomTextField.swift */,
				2DEA2F622E5CED4100DEBF5E /* LoadingView.swift */,
			);
			path = Components;
			sourceTree = "<group>";
		};
		2DEA2F3B2E5CEB0E00DEBF5E /* Utils */ = {
			isa = PBXGroup;
			children = (
				2DEA2F462E5CEBBD00DEBF5E /* Validators.swift */,
				2DEA2F442E5CEBB600DEBF5E /* Constants.swift */,
				2DEA2F422E5CEBAC00DEBF5E /* Extensions.swift */,
			);
			path = Utils;
			sourceTree = "<group>";
		};
		2DEA2F862E5E4CFA00DEBF5E /* Network */ = {
			isa = PBXGroup;
			children = (
				2DEA2F892E5E4D1200DEBF5E /* Responses.swift */,
				2DEA2F872E5E4D0200DEBF5E /* Requests.swift */,
			);
			path = Network;
			sourceTree = "<group>";
		};
/* End PBXGroup section */

/* Begin PBXNativeTarget section */
		2DEA2EF12E5CE50C00DEBF5E /* StudyBody */ = {
			isa = PBXNativeTarget;
			buildConfigurationList = 2DEA2F152E5CE50D00DEBF5E /* Build configuration list for PBXNativeTarget "StudyBody" */;
			buildPhases = (
				2DEA2EEE2E5CE50C00DEBF5E /* Sources */,
				2DEA2EEF2E5CE50C00DEBF5E /* Frameworks */,
				2DEA2EF02E5CE50C00DEBF5E /* Resources */,
			);
			buildRules = (
			);
			dependencies = (
			);
			name = StudyBody;
			packageProductDependencies = (
			);
			productName = StudyBody;
			productReference = 2DEA2EF22E5CE50C00DEBF5E /* StudyBody.app */;
			productType = "com.apple.product-type.application";
		};
		2DEA2F002E5CE50D00DEBF5E /* StudyBodyTests */ = {
			isa = PBXNativeTarget;
			buildConfigurationList = 2DEA2F182E5CE50D00DEBF5E /* Build configuration list for PBXNativeTarget "StudyBodyTests" */;
			buildPhases = (
				2DEA2EFD2E5CE50D00DEBF5E /* Sources */,
				2DEA2EFE2E5CE50D00DEBF5E /* Frameworks */,
				2DEA2EFF2E5CE50D00DEBF5E /* Resources */,
			);
			buildRules = (
			);
			dependencies = (
				2DEA2F032E5CE50D00DEBF5E /* PBXTargetDependency */,
			);
			fileSystemSynchronizedGroups = (
				2DEA2F042E5CE50D00DEBF5E /* StudyBodyTests */,
			);
			name = StudyBodyTests;
			packageProductDependencies = (
			);
			productName = StudyBodyTests;
			productReference = 2DEA2F012E5CE50D00DEBF5E /* StudyBodyTests.xctest */;
			productType = "com.apple.product-type.bundle.unit-test";
		};
		2DEA2F0A2E5CE50D00DEBF5E /* StudyBodyUITests */ = {
			isa = PBXNativeTarget;
			buildConfigurationList = 2DEA2F1B2E5CE50D00DEBF5E /* Build configuration list for PBXNativeTarget "StudyBodyUITests" */;
			buildPhases = (
				2DEA2F072E5CE50D00DEBF5E /* Sources */,
				2DEA2F082E5CE50D00DEBF5E /* Frameworks */,
				2DEA2F092E5CE50D00DEBF5E /* Resources */,
			);
			buildRules = (
			);
			dependencies = (
				2DEA2F0D2E5CE50D00DEBF5E /* PBXTargetDependency */,
			);
			fileSystemSynchronizedGroups = (
				2DEA2F0E2E5CE50D00DEBF5E /* StudyBodyUITests */,
			);
			name = StudyBodyUITests;
			packageProductDependencies = (
			);
			productName = StudyBodyUITests;
			productReference = 2DEA2F0B2E5CE50D00DEBF5E /* StudyBodyUITests.xctest */;
			productType = "com.apple.product-type.bundle.ui-testing";
		};
/* End PBXNativeTarget section */

/* Begin PBXProject section */
		2DEA2EEA2E5CE50C00DEBF5E /* Project object */ = {
			isa = PBXProject;
			attributes = {
				BuildIndependentTargetsInParallel = 1;
				LastSwiftUpdateCheck = 1640;
				LastUpgradeCheck = 1640;
				TargetAttributes = {
					2DEA2EF12E5CE50C00DEBF5E = {
						CreatedOnToolsVersion = 16.4;
					};
					2DEA2F002E5CE50D00DEBF5E = {
						CreatedOnToolsVersion = 16.4;
						TestTargetID = 2DEA2EF12E5CE50C00DEBF5E;
					};
					2DEA2F0A2E5CE50D00DEBF5E = {
						CreatedOnToolsVersion = 16.4;
						TestTargetID = 2DEA2EF12E5CE50C00DEBF5E;
					};
				};
			};
			buildConfigurationList = 2DEA2EED2E5CE50C00DEBF5E /* Build configuration list for PBXProject "StudyBody" */;
			developmentRegion = en;
			hasScannedForEncodings = 0;
			knownRegions = (
				en,
				Base,
			);
			mainGroup = 2DEA2EE92E5CE50C00DEBF5E;
			minimizedProjectReferenceProxies = 1;
			preferredProjectObjectVersion = 77;
			productRefGroup = 2DEA2EF32E5CE50C00DEBF5E /* Products */;
			projectDirPath = "";
			projectRoot = "";
			targets = (
				2DEA2EF12E5CE50C00DEBF5E /* StudyBody */,
				2DEA2F002E5CE50D00DEBF5E /* StudyBodyTests */,
				2DEA2F0A2E5CE50D00DEBF5E /* StudyBodyUITests */,
			);
		};
/* End PBXProject section */

/* Begin PBXResourcesBuildPhase section */
		2DEA2EF02E5CE50C00DEBF5E /* Resources */ = {
			isa = PBXResourcesBuildPhase;
			buildActionMask = 2147483647;
			files = (
				2DEA2EFC2E5CE50D00DEBF5E /* Assets.xcassets in Resources */,
			);
			runOnlyForDeploymentPostprocessing = 0;
		};
		2DEA2EFF2E5CE50D00DEBF5E /* Resources */ = {
			isa = PBXResourcesBuildPhase;
			buildActionMask = 2147483647;
			files = (
			);
			runOnlyForDeploymentPostprocessing = 0;
		};
		2DEA2F092E5CE50D00DEBF5E /* Resources */ = {
			isa = PBXResourcesBuildPhase;
			buildActionMask = 2147483647;
			files = (
			);
			runOnlyForDeploymentPostprocessing = 0;
		};
/* End PBXResourcesBuildPhase section */

/* Begin PBXSourcesBuildPhase section */
		2DEA2EEE2E5CE50C00DEBF5E /* Sources */ = {
			isa = PBXSourcesBuildPhase;
			buildActionMask = 2147483647;
			files = (
				2DEA2F752E5CF06300DEBF5E /* SuccessBannerView.swift in Sources */,
				2DEA2F3D2E5CEB3B00DEBF5E /* AuthViewModel.swift in Sources */,
				2DEA2F272E5CE9AA00DEBF5E /* Auth.swift in Sources */,
				2DEA2F2E2E5CE9D300DEBF5E /* AuthManager.swift in Sources */,
				2DEA2F712E5CF04000DEBF5E /* DepartmentPicker.swift in Sources */,
				2DEA2EF82E5CE50C00DEBF5E /* ContentView.swift in Sources */,
				2DEA2F592E5CECF900DEBF5E /* VacancyListView.swift in Sources */,
				2DEA2F252E5CE9A300DEBF5E /* Vacancy.swift in Sources */,
				2DEA2F5F2E5CED2B00DEBF5E /* CreateVacancyView.swift in Sources */,
				2DEA2F302E5CE9E600DEBF5E /* KeychainManager.swift in Sources */,
				2DEA2F412E5CEB5200DEBF5E /* VacancyViewModel.swift in Sources */,
				2DEA2F2C2E5CE9CA00DEBF5E /* NetworkManager.swift in Sources */,
				2DEA2F4B2E5CEC3C00DEBF5E /* RegisterView.swift in Sources */,
				2DEA2F472E5CEBBE00DEBF5E /* Validators.swift in Sources */,
				2DEA2F692E5CEFAC00DEBF5E /* FilterView.swift in Sources */,
				2DEA2F432E5CEBAD00DEBF5E /* Extensions.swift in Sources */,
				2DEA2F3F2E5CEB4300DEBF5E /* ProfileViewModel.swift in Sources */,
				2DEA2EF62E5CE50C00DEBF5E /* StudyBodyApp.swift in Sources */,
				2DEA2F6F2E5CF02E00DEBF5E /* TagsView.swift in Sources */,
				2DEA2F732E5CF05100DEBF5E /* ErrorBannerView.swift in Sources */,
				2DEA2F5B2E5CED1900DEBF5E /* MyVacanciesView.swift in Sources */,
				2DEA2F8A2E5E4D1400DEBF5E /* Responses.swift in Sources */,
				2D307F8C2E5E5912001E9F55 /* VacanciesView.swift in Sources */,
				2DEA2F5D2E5CED2200DEBF5E /* VacancyDetailView.swift in Sources */,
				2DEA2F452E5CEBB600DEBF5E /* Constants.swift in Sources */,
				2DEA2F672E5CED5200DEBF5E /* CustomTextField.swift in Sources */,
				2DEA2F552E5CEC6D00DEBF5E /* EditProfileView.swift in Sources */,
				2DEA2F4F2E5CEC5000DEBF5E /* ResetPasswordView.swift in Sources */,
				2DEA2F232E5CE99A00DEBF5E /* User.swift in Sources */,
				2DEA2F492E5CEC3400DEBF5E /* LoginView.swift in Sources */,
				2DEA2F612E5CED3400DEBF5E /* EditVacancyView.swift in Sources */,
				2DEA2F4D2E5CEC4500DEBF5E /* ForgotPasswordView.swift in Sources */,
				2DEA2F572E5CEC7700DEBF5E /* ChangePasswordView.swift in Sources */,
				2DEA2F882E5E4D0400DEBF5E /* Requests.swift in Sources */,
				2DEA2F6D2E5CF01C00DEBF5E /* VacancyCard.swift in Sources */,
				2DEA2F6B2E5CF00800DEBF5E /* CustomTextArea.swift in Sources */,
				2DEA2F632E5CED4100DEBF5E /* LoadingView.swift in Sources */,
				2DEA2F292E5CE9B300DEBF5E /* APIResponse.swift in Sources */,
				2DEA2F532E5CEC6400DEBF5E /* ProfileView.swift in Sources */,
				2DEA2F512E5CEC5B00DEBF5E /* MainTabView.swift in Sources */,
			);
			runOnlyForDeploymentPostprocessing = 0;
		};
		2DEA2EFD2E5CE50D00DEBF5E /* Sources */ = {
			isa = PBXSourcesBuildPhase;
			buildActionMask = 2147483647;
			files = (
			);
			runOnlyForDeploymentPostprocessing = 0;
		};
		2DEA2F072E5CE50D00DEBF5E /* Sources */ = {
			isa = PBXSourcesBuildPhase;
			buildActionMask = 2147483647;
			files = (
			);
			runOnlyForDeploymentPostprocessing = 0;
		};
/* End PBXSourcesBuildPhase section */

/* Begin PBXTargetDependency section */
		2DEA2F032E5CE50D00DEBF5E /* PBXTargetDependency */ = {
			isa = PBXTargetDependency;
			target = 2DEA2EF12E5CE50C00DEBF5E /* StudyBody */;
			targetProxy = 2DEA2F022E5CE50D00DEBF5E /* PBXContainerItemProxy */;
		};
		2DEA2F0D2E5CE50D00DEBF5E /* PBXTargetDependency */ = {
			isa = PBXTargetDependency;
			target = 2DEA2EF12E5CE50C00DEBF5E /* StudyBody */;
			targetProxy = 2DEA2F0C2E5CE50D00DEBF5E /* PBXContainerItemProxy */;
		};
/* End PBXTargetDependency section */

/* Begin XCBuildConfiguration section */
		2DEA2F132E5CE50D00DEBF5E /* Debug */ = {
			isa = XCBuildConfiguration;
			buildSettings = {
				ALWAYS_SEARCH_USER_PATHS = NO;
				ASSETCATALOG_COMPILER_GENERATE_SWIFT_ASSET_SYMBOL_EXTENSIONS = YES;
				CLANG_ANALYZER_NONNULL = YES;
				CLANG_ANALYZER_NUMBER_OBJECT_CONVERSION = YES_AGGRESSIVE;
				CLANG_CXX_LANGUAGE_STANDARD = "gnu++20";
				CLANG_ENABLE_MODULES = YES;
				CLANG_ENABLE_OBJC_ARC = YES;
				CLANG_ENABLE_OBJC_WEAK = YES;
				CLANG_WARN_BLOCK_CAPTURE_AUTORELEASING = YES;
				CLANG_WARN_BOOL_CONVERSION = YES;
				CLANG_WARN_COMMA = YES;
				CLANG_WARN_CONSTANT_CONVERSION = YES;
				CLANG_WARN_DEPRECATED_OBJC_IMPLEMENTATIONS = YES;
				CLANG_WARN_DIRECT_OBJC_ISA_USAGE = YES_ERROR;
				CLANG_WARN_DOCUMENTATION_COMMENTS = YES;
				CLANG_WARN_EMPTY_BODY = YES;
				CLANG_WARN_ENUM_CONVERSION = YES;
				CLANG_WARN_INFINITE_RECURSION = YES;
				CLANG_WARN_INT_CONVERSION = YES;
				CLANG_WARN_NON_LITERAL_NULL_CONVERSION = YES;
				CLANG_WARN_OBJC_IMPLICIT_RETAIN_SELF = YES;
				CLANG_WARN_OBJC_LITERAL_CONVERSION = YES;
				CLANG_WARN_OBJC_ROOT_CLASS = YES_ERROR;
				CLANG_WARN_QUOTED_INCLUDE_IN_FRAMEWORK_HEADER = YES;
				CLANG_WARN_RANGE_LOOP_ANALYSIS = YES;
				CLANG_WARN_STRICT_PROTOTYPES = YES;
				CLANG_WARN_SUSPICIOUS_MOVE = YES;
				CLANG_WARN_UNGUARDED_AVAILABILITY = YES_AGGRESSIVE;
				CLANG_WARN_UNREACHABLE_CODE = YES;
				CLANG_WARN__DUPLICATE_METHOD_MATCH = YES;
				COPY_PHASE_STRIP = NO;
				DEBUG_INFORMATION_FORMAT = dwarf;
				DEVELOPMENT_TEAM = Q37W75YHM4;
				ENABLE_STRICT_OBJC_MSGSEND = YES;
				ENABLE_TESTABILITY = YES;
				ENABLE_USER_SCRIPT_SANDBOXING = YES;
				GCC_C_LANGUAGE_STANDARD = gnu17;
				GCC_DYNAMIC_NO_PIC = NO;
				GCC_NO_COMMON_BLOCKS = YES;
				GCC_OPTIMIZATION_LEVEL = 0;
				GCC_PREPROCESSOR_DEFINITIONS = (
					"DEBUG=1",
					"$(inherited)",
				);
				GCC_WARN_64_TO_32_BIT_CONVERSION = YES;
				GCC_WARN_ABOUT_RETURN_TYPE = YES_ERROR;
				GCC_WARN_UNDECLARED_SELECTOR = YES;
				GCC_WARN_UNINITIALIZED_AUTOS = YES_AGGRESSIVE;
				GCC_WARN_UNUSED_FUNCTION = YES;
				GCC_WARN_UNUSED_VARIABLE = YES;
				IPHONEOS_DEPLOYMENT_TARGET = 18.5;
				LOCALIZATION_PREFERS_STRING_CATALOGS = YES;
				MTL_ENABLE_DEBUG_INFO = INCLUDE_SOURCE;
				MTL_FAST_MATH = YES;
				ONLY_ACTIVE_ARCH = YES;
				SDKROOT = iphoneos;
				SWIFT_ACTIVE_COMPILATION_CONDITIONS = "DEBUG $(inherited)";
				SWIFT_OPTIMIZATION_LEVEL = "-Onone";
			};
			name = Debug;
		};
		2DEA2F142E5CE50D00DEBF5E /* Release */ = {
			isa = XCBuildConfiguration;
			buildSettings = {
				ALWAYS_SEARCH_USER_PATHS = NO;
				ASSETCATALOG_COMPILER_GENERATE_SWIFT_ASSET_SYMBOL_EXTENSIONS = YES;
				CLANG_ANALYZER_NONNULL = YES;
				CLANG_ANALYZER_NUMBER_OBJECT_CONVERSION = YES_AGGRESSIVE;
				CLANG_CXX_LANGUAGE_STANDARD = "gnu++20";
				CLANG_ENABLE_MODULES = YES;
				CLANG_ENABLE_OBJC_ARC = YES;
				CLANG_ENABLE_OBJC_WEAK = YES;
				CLANG_WARN_BLOCK_CAPTURE_AUTORELEASING = YES;
				CLANG_WARN_BOOL_CONVERSION = YES;
				CLANG_WARN_COMMA = YES;
				CLANG_WARN_CONSTANT_CONVERSION = YES;
				CLANG_WARN_DEPRECATED_OBJC_IMPLEMENTATIONS = YES;
				CLANG_WARN_DIRECT_OBJC_ISA_USAGE = YES_ERROR;
				CLANG_WARN_DOCUMENTATION_COMMENTS = YES;
				CLANG_WARN_EMPTY_BODY = YES;
				CLANG_WARN_ENUM_CONVERSION = YES;
				CLANG_WARN_INFINITE_RECURSION = YES;
				CLANG_WARN_INT_CONVERSION = YES;
				CLANG_WARN_NON_LITERAL_NULL_CONVERSION = YES;
				CLANG_WARN_OBJC_IMPLICIT_RETAIN_SELF = YES;
				CLANG_WARN_OBJC_LITERAL_CONVERSION = YES;
				CLANG_WARN_OBJC_ROOT_CLASS = YES_ERROR;
				CLANG_WARN_QUOTED_INCLUDE_IN_FRAMEWORK_HEADER = YES;
				CLANG_WARN_RANGE_LOOP_ANALYSIS = YES;
				CLANG_WARN_STRICT_PROTOTYPES = YES;
				CLANG_WARN_SUSPICIOUS_MOVE = YES;
				CLANG_WARN_UNGUARDED_AVAILABILITY = YES_AGGRESSIVE;
				CLANG_WARN_UNREACHABLE_CODE = YES;
				CLANG_WARN__DUPLICATE_METHOD_MATCH = YES;
				COPY_PHASE_STRIP = NO;
				DEBUG_INFORMATION_FORMAT = "dwarf-with-dsym";
				DEVELOPMENT_TEAM = Q37W75YHM4;
				ENABLE_NS_ASSERTIONS = NO;
				ENABLE_STRICT_OBJC_MSGSEND = YES;
				ENABLE_USER_SCRIPT_SANDBOXING = YES;
				GCC_C_LANGUAGE_STANDARD = gnu17;
				GCC_NO_COMMON_BLOCKS = YES;
				GCC_WARN_64_TO_32_BIT_CONVERSION = YES;
				GCC_WARN_ABOUT_RETURN_TYPE = YES_ERROR;
				GCC_WARN_UNDECLARED_SELECTOR = YES;
				GCC_WARN_UNINITIALIZED_AUTOS = YES_AGGRESSIVE;
				GCC_WARN_UNUSED_FUNCTION = YES;
				GCC_WARN_UNUSED_VARIABLE = YES;
				IPHONEOS_DEPLOYMENT_TARGET = 18.5;
				LOCALIZATION_PREFERS_STRING_CATALOGS = YES;
				MTL_ENABLE_DEBUG_INFO = NO;
				MTL_FAST_MATH = YES;
				SDKROOT = iphoneos;
				SWIFT_COMPILATION_MODE = wholemodule;
				VALIDATE_PRODUCT = YES;
			};
			name = Release;
		};
		2DEA2F162E5CE50D00DEBF5E /* Debug */ = {
			isa = XCBuildConfiguration;
			buildSettings = {
				ASSETCATALOG_COMPILER_APPICON_NAME = AppIcon;
				ASSETCATALOG_COMPILER_GLOBAL_ACCENT_COLOR_NAME = AccentColor;
				CODE_SIGN_STYLE = Automatic;
				CURRENT_PROJECT_VERSION = 1;
				DEVELOPMENT_TEAM = Q37W75YHM4;
				ENABLE_PREVIEWS = YES;
				GENERATE_INFOPLIST_FILE = YES;
				INFOPLIST_KEY_UIApplicationSceneManifest_Generation = YES;
				INFOPLIST_KEY_UIApplicationSupportsIndirectInputEvents = YES;
				INFOPLIST_KEY_UILaunchScreen_Generation = YES;
				INFOPLIST_KEY_UISupportedInterfaceOrientations_iPad = "UIInterfaceOrientationPortrait UIInterfaceOrientationPortraitUpsideDown UIInterfaceOrientationLandscapeLeft UIInterfaceOrientationLandscapeRight";
				INFOPLIST_KEY_UISupportedInterfaceOrientations_iPhone = "UIInterfaceOrientationPortrait UIInterfaceOrientationLandscapeLeft UIInterfaceOrientationLandscapeRight";
				LD_RUNPATH_SEARCH_PATHS = (
					"$(inherited)",
					"@executable_path/Frameworks",
				);
				MARKETING_VERSION = 1.0;
				PRODUCT_BUNDLE_IDENTIFIER = com.Chukhvichev.StudyBody;
				PRODUCT_NAME = "$(TARGET_NAME)";
				SWIFT_EMIT_LOC_STRINGS = YES;
				SWIFT_VERSION = 5.0;
				TARGETED_DEVICE_FAMILY = "1,2";
			};
			name = Debug;
		};
		2DEA2F172E5CE50D00DEBF5E /* Release */ = {
			isa = XCBuildConfiguration;
			buildSettings = {
				ASSETCATALOG_COMPILER_APPICON_NAME = AppIcon;
				ASSETCATALOG_COMPILER_GLOBAL_ACCENT_COLOR_NAME = AccentColor;
				CODE_SIGN_STYLE = Automatic;
				CURRENT_PROJECT_VERSION = 1;
				DEVELOPMENT_TEAM = Q37W75YHM4;
				ENABLE_PREVIEWS = YES;
				GENERATE_INFOPLIST_FILE = YES;
				INFOPLIST_KEY_UIApplicationSceneManifest_Generation = YES;
				INFOPLIST_KEY_UIApplicationSupportsIndirectInputEvents = YES;
				INFOPLIST_KEY_UILaunchScreen_Generation = YES;
				INFOPLIST_KEY_UISupportedInterfaceOrientations_iPad = "UIInterfaceOrientationPortrait UIInterfaceOrientationPortraitUpsideDown UIInterfaceOrientationLandscapeLeft UIInterfaceOrientationLandscapeRight";
				INFOPLIST_KEY_UISupportedInterfaceOrientations_iPhone = "UIInterfaceOrientationPortrait UIInterfaceOrientationLandscapeLeft UIInterfaceOrientationLandscapeRight";
				LD_RUNPATH_SEARCH_PATHS = (
					"$(inherited)",
					"@executable_path/Frameworks",
				);
				MARKETING_VERSION = 1.0;
				PRODUCT_BUNDLE_IDENTIFIER = com.Chukhvichev.StudyBody;
				PRODUCT_NAME = "$(TARGET_NAME)";
				SWIFT_EMIT_LOC_STRINGS = YES;
				SWIFT_VERSION = 5.0;
				TARGETED_DEVICE_FAMILY = "1,2";
			};
			name = Release;
		};
		2DEA2F192E5CE50D00DEBF5E /* Debug */ = {
			isa = XCBuildConfiguration;
			buildSettings = {
				BUNDLE_LOADER = "$(TEST_HOST)";
				CODE_SIGN_STYLE = Automatic;
				CURRENT_PROJECT_VERSION = 1;
				DEVELOPMENT_TEAM = Q37W75YHM4;
				GENERATE_INFOPLIST_FILE = YES;
				IPHONEOS_DEPLOYMENT_TARGET = 18.5;
				MARKETING_VERSION = 1.0;
				PRODUCT_BUNDLE_IDENTIFIER = com.Chukhvichev.StudyBodyTests;
				PRODUCT_NAME = "$(TARGET_NAME)";
				SWIFT_EMIT_LOC_STRINGS = NO;
				SWIFT_VERSION = 5.0;
				TARGETED_DEVICE_FAMILY = "1,2";
				TEST_HOST = "$(BUILT_PRODUCTS_DIR)/StudyBody.app/$(BUNDLE_EXECUTABLE_FOLDER_PATH)/StudyBody";
			};
			name = Debug;
		};
		2DEA2F1A2E5CE50D00DEBF5E /* Release */ = {
			isa = XCBuildConfiguration;
			buildSettings = {
				BUNDLE_LOADER = "$(TEST_HOST)";
				CODE_SIGN_STYLE = Automatic;
				CURRENT_PROJECT_VERSION = 1;
				DEVELOPMENT_TEAM = Q37W75YHM4;
				GENERATE_INFOPLIST_FILE = YES;
				IPHONEOS_DEPLOYMENT_TARGET = 18.5;
				MARKETING_VERSION = 1.0;
				PRODUCT_BUNDLE_IDENTIFIER = com.Chukhvichev.StudyBodyTests;
				PRODUCT_NAME = "$(TARGET_NAME)";
				SWIFT_EMIT_LOC_STRINGS = NO;
				SWIFT_VERSION = 5.0;
				TARGETED_DEVICE_FAMILY = "1,2";
				TEST_HOST = "$(BUILT_PRODUCTS_DIR)/StudyBody.app/$(BUNDLE_EXECUTABLE_FOLDER_PATH)/StudyBody";
			};
			name = Release;
		};
		2DEA2F1C2E5CE50D00DEBF5E /* Debug */ = {
			isa = XCBuildConfiguration;
			buildSettings = {
				CODE_SIGN_STYLE = Automatic;
				CURRENT_PROJECT_VERSION = 1;
				DEVELOPMENT_TEAM = Q37W75YHM4;
				GENERATE_INFOPLIST_FILE = YES;
				MARKETING_VERSION = 1.0;
				PRODUCT_BUNDLE_IDENTIFIER = com.Chukhvichev.StudyBodyUITests;
				PRODUCT_NAME = "$(TARGET_NAME)";
				SWIFT_EMIT_LOC_STRINGS = NO;
				SWIFT_VERSION = 5.0;
				TARGETED_DEVICE_FAMILY = "1,2";
				TEST_TARGET_NAME = StudyBody;
			};
			name = Debug;
		};
		2DEA2F1D2E5CE50D00DEBF5E /* Release */ = {
			isa = XCBuildConfiguration;
			buildSettings = {
				CODE_SIGN_STYLE = Automatic;
				CURRENT_PROJECT_VERSION = 1;
				DEVELOPMENT_TEAM = Q37W75YHM4;
				GENERATE_INFOPLIST_FILE = YES;
				MARKETING_VERSION = 1.0;
				PRODUCT_BUNDLE_IDENTIFIER = com.Chukhvichev.StudyBodyUITests;
				PRODUCT_NAME = "$(TARGET_NAME)";
				SWIFT_EMIT_LOC_STRINGS = NO;
				SWIFT_VERSION = 5.0;
				TARGETED_DEVICE_FAMILY = "1,2";
				TEST_TARGET_NAME = StudyBody;
			};
			name = Release;
		};
/* End XCBuildConfiguration section */

/* Begin XCConfigurationList section */
		2DEA2EED2E5CE50C00DEBF5E /* Build configuration list for PBXProject "StudyBody" */ = {
			isa = XCConfigurationList;
			buildConfigurations = (
				2DEA2F132E5CE50D00DEBF5E /* Debug */,
				2DEA2F142E5CE50D00DEBF5E /* Release */,
			);
			defaultConfigurationIsVisible = 0;
			defaultConfigurationName = Release;
		};
		2DEA2F152E5CE50D00DEBF5E /* Build configuration list for PBXNativeTarget "StudyBody" */ = {
			isa = XCConfigurationList;
			buildConfigurations = (
				2DEA2F162E5CE50D00DEBF5E /* Debug */,
				2DEA2F172E5CE50D00DEBF5E /* Release */,
			);
			defaultConfigurationIsVisible = 0;
			defaultConfigurationName = Release;
		};
		2DEA2F182E5CE50D00DEBF5E /* Build configuration list for PBXNativeTarget "StudyBodyTests" */ = {
			isa = XCConfigurationList;
			buildConfigurations = (
				2DEA2F192E5CE50D00DEBF5E /* Debug */,
				2DEA2F1A2E5CE50D00DEBF5E /* Release */,
			);
			defaultConfigurationIsVisible = 0;
			defaultConfigurationName = Release;
		};
		2DEA2F1B2E5CE50D00DEBF5E /* Build configuration list for PBXNativeTarget "StudyBodyUITests" */ = {
			isa = XCConfigurationList;
			buildConfigurations = (
				2DEA2F1C2E5CE50D00DEBF5E /* Debug */,
				2DEA2F1D2E5CE50D00DEBF5E /* Release */,
			);
			defaultConfigurationIsVisible = 0;
			defaultConfigurationName = Release;
		};
/* End XCConfigurationList section */
	};
	rootObject = 2DEA2EEA2E5CE50C00DEBF5E /* Project object */;
}
